
Microsoft Visual Studio Solution File, Format Version 12.00
# Visual Studio Version 17
VisualStudioVersion = 17.9.34714.143
MinimumVisualStudioVersion = 10.0.40219.1
Project("{FAE04EC0-301F-11D3-BF4B-00C04F79EFBC}") = "1likte_be_case", "1likte_be_case\1likte_be_case.csproj", "{A41FA267-6CE4-49C0-A187-BEECDC4D4F52}"
EndProject
Project("{FAE04EC0-301F-11D3-BF4B-00C04F79EFBC}") = "1likte_be_case.Tests", "1likte_be_case.Tests\1likte_be_case.Tests.csproj", "{65815913-C8D5-475E-B9DE-89E1946F4BC7}"
EndProject
Global
	GlobalSection(SolutionConfigurationPlatforms) = preSolution
		Debug|Any CPU = Debug|Any CPU
		Release|Any CPU = Release|Any CPU
	EndGlobalSection
	GlobalSection(ProjectConfigurationPlatforms) = postSolution
		{A41FA267-6CE4-49C0-A187-BEECDC4D4F52}.Debug|Any CPU.ActiveCfg = Debug|Any CPU
		{A41FA267-6CE4-49C0-A187-BEECDC4D4F52}.Debug|Any CPU.Build.0 = Debug|Any CPU
		{A41FA267-6CE4-49C0-A187-BEECDC4D4F52}.Release|Any CPU.ActiveCfg = Release|Any CPU
		{A41FA267-6CE4-49C0-A187-BEECDC4D4F52}.Release|Any CPU.Build.0 = Release|Any CPU
		{65815913-C8D5-475E-B9DE-89E1946F4BC7}.Debug|Any CPU.ActiveCfg = Debug|Any CPU
		{65815913-C8D5-475E-B9DE-89E1946F4BC7}.Debug|Any CPU.Build.0 = Debug|Any CPU
		{65815913-C8D5-475E-B9DE-89E1946F4BC7}.Release|Any CPU.ActiveCfg = Release|Any CPU
		{65815913-C8D5-475E-B9DE-89E1946F4BC7}.Release|Any CPU.Build.0 = Release|Any CPU
	EndGlobalSection
	GlobalSection(SolutionProperties) = preSolution
		HideSolutionNode = FALSE
	EndGlobalSection
	GlobalSection(ExtensibilityGlobals) = postSolution
		SolutionGuid = {B9954002-AEFE-4990-9F9D-FBB0D9EF71C1}
	EndGlobalSection
EndGlobal
